
Microsoft Visual Studio Solution File, Format Version 12.00
# Visual Studio 2012
Project("{FAE04EC0-301F-11D3-BF4B-00C04F79EFBC}") = "MyDemo.Core", "MyDemo.Core\MyDemo.Core.csproj", "{FF139494-DBAA-44A0-9F90-58C319C8591E}"
EndProject
Project("{FAE04EC0-301F-11D3-BF4B-00C04F79EFBC}") = "MyApp.iOS", "MyApp.iOS\MyApp.iOS.csproj", "{26B08D2A-C9A0-45A0-9232-E9836AFE922C}"
EndProject
Project("{FAE04EC0-301F-11D3-BF4B-00C04F79EFBC}") = "MyDemo.Droid", "MyDemo.Droid\MyDemo.Droid.csproj", "{F9BEC6B5-7A88-471C-84ED-233B6165A852}"
EndProject
Project("{FAE04EC0-301F-11D3-BF4B-00C04F79EFBC}") = "MyDemo.Data", "MyDemo.Data\MyDemo.Data.csproj", "{31E62D97-BAA5-4EFF-9A18-69E36AAD87F9}"
EndProject
Project("{FAE04EC0-301F-11D3-BF4B-00C04F79EFBC}") = "GoogleHelper", "GoogleHelper\GoogleHelper.csproj", "{D31277C0-2F1D-415F-8480-903F646B9F18}"
EndProject
Global
	GlobalSection(SolutionConfigurationPlatforms) = preSolution
		Debug|Any CPU = Debug|Any CPU
		Release|Any CPU = Release|Any CPU
		Debug|iPhoneSimulator = Debug|iPhoneSimulator
		Release|iPhone = Release|iPhone
		Release|iPhoneSimulator = Release|iPhoneSimulator
		Debug|iPhone = Debug|iPhone
	EndGlobalSection
	GlobalSection(ProjectConfigurationPlatforms) = postSolution
		{26B08D2A-C9A0-45A0-9232-E9836AFE922C}.Debug|Any CPU.ActiveCfg = Debug|iPhoneSimulator
		{26B08D2A-C9A0-45A0-9232-E9836AFE922C}.Debug|Any CPU.Build.0 = Debug|iPhoneSimulator
		{26B08D2A-C9A0-45A0-9232-E9836AFE922C}.Debug|iPhone.ActiveCfg = Debug|iPhone
		{26B08D2A-C9A0-45A0-9232-E9836AFE922C}.Debug|iPhone.Build.0 = Debug|iPhone
		{26B08D2A-C9A0-45A0-9232-E9836AFE922C}.Debug|iPhoneSimulator.ActiveCfg = Debug|iPhoneSimulator
		{26B08D2A-C9A0-45A0-9232-E9836AFE922C}.Debug|iPhoneSimulator.Build.0 = Debug|iPhoneSimulator
		{26B08D2A-C9A0-45A0-9232-E9836AFE922C}.Release|Any CPU.ActiveCfg = Release|iPhone
		{26B08D2A-C9A0-45A0-9232-E9836AFE922C}.Release|Any CPU.Build.0 = Release|iPhone
		{26B08D2A-C9A0-45A0-9232-E9836AFE922C}.Release|iPhone.ActiveCfg = Release|iPhone
		{26B08D2A-C9A0-45A0-9232-E9836AFE922C}.Release|iPhone.Build.0 = Release|iPhone
		{26B08D2A-C9A0-45A0-9232-E9836AFE922C}.Release|iPhoneSimulator.ActiveCfg = Release|iPhoneSimulator
		{26B08D2A-C9A0-45A0-9232-E9836AFE922C}.Release|iPhoneSimulator.Build.0 = Release|iPhoneSimulator
		{31E62D97-BAA5-4EFF-9A18-69E36AAD87F9}.Debug|Any CPU.ActiveCfg = Debug|Any CPU
		{31E62D97-BAA5-4EFF-9A18-69E36AAD87F9}.Debug|Any CPU.Build.0 = Debug|Any CPU
		{31E62D97-BAA5-4EFF-9A18-69E36AAD87F9}.Debug|iPhone.ActiveCfg = Debug|Any CPU
		{31E62D97-BAA5-4EFF-9A18-69E36AAD87F9}.Debug|iPhone.Build.0 = Debug|Any CPU
		{31E62D97-BAA5-4EFF-9A18-69E36AAD87F9}.Debug|iPhoneSimulator.ActiveCfg = Debug|Any CPU
		{31E62D97-BAA5-4EFF-9A18-69E36AAD87F9}.Debug|iPhoneSimulator.Build.0 = Debug|Any CPU
		{31E62D97-BAA5-4EFF-9A18-69E36AAD87F9}.Release|Any CPU.ActiveCfg = Release|Any CPU
		{31E62D97-BAA5-4EFF-9A18-69E36AAD87F9}.Release|Any CPU.Build.0 = Release|Any CPU
		{31E62D97-BAA5-4EFF-9A18-69E36AAD87F9}.Release|iPhone.ActiveCfg = Release|Any CPU
		{31E62D97-BAA5-4EFF-9A18-69E36AAD87F9}.Release|iPhone.Build.0 = Release|Any CPU
		{31E62D97-BAA5-4EFF-9A18-69E36AAD87F9}.Release|iPhoneSimulator.ActiveCfg = Release|Any CPU
		{31E62D97-BAA5-4EFF-9A18-69E36AAD87F9}.Release|iPhoneSimulator.Build.0 = Release|Any CPU
		{D31277C0-2F1D-415F-8480-903F646B9F18}.Debug|Any CPU.ActiveCfg = Debug|Any CPU
		{D31277C0-2F1D-415F-8480-903F646B9F18}.Debug|Any CPU.Build.0 = Debug|Any CPU
		{D31277C0-2F1D-415F-8480-903F646B9F18}.Debug|iPhone.ActiveCfg = Debug|Any CPU
		{D31277C0-2F1D-415F-8480-903F646B9F18}.Debug|iPhone.Build.0 = Debug|Any CPU
		{D31277C0-2F1D-415F-8480-903F646B9F18}.Debug|iPhoneSimulator.ActiveCfg = Debug|Any CPU
		{D31277C0-2F1D-415F-8480-903F646B9F18}.Debug|iPhoneSimulator.Build.0 = Debug|Any CPU
		{D31277C0-2F1D-415F-8480-903F646B9F18}.Release|Any CPU.ActiveCfg = Release|Any CPU
		{D31277C0-2F1D-415F-8480-903F646B9F18}.Release|Any CPU.Build.0 = Release|Any CPU
		{D31277C0-2F1D-415F-8480-903F646B9F18}.Release|iPhone.ActiveCfg = Release|Any CPU
		{D31277C0-2F1D-415F-8480-903F646B9F18}.Release|iPhone.Build.0 = Release|Any CPU
		{D31277C0-2F1D-415F-8480-903F646B9F18}.Release|iPhoneSimulator.ActiveCfg = Release|Any CPU
		{D31277C0-2F1D-415F-8480-903F646B9F18}.Release|iPhoneSimulator.Build.0 = Release|Any CPU
		{F9BEC6B5-7A88-471C-84ED-233B6165A852}.Debug|Any CPU.ActiveCfg = Debug|Any CPU
		{F9BEC6B5-7A88-471C-84ED-233B6165A852}.Debug|Any CPU.Build.0 = Debug|Any CPU
		{F9BEC6B5-7A88-471C-84ED-233B6165A852}.Debug|iPhone.ActiveCfg = Debug|Any CPU
		{F9BEC6B5-7A88-471C-84ED-233B6165A852}.Debug|iPhone.Build.0 = Debug|Any CPU
		{F9BEC6B5-7A88-471C-84ED-233B6165A852}.Debug|iPhoneSimulator.ActiveCfg = Debug|Any CPU
		{F9BEC6B5-7A88-471C-84ED-233B6165A852}.Debug|iPhoneSimulator.Build.0 = Debug|Any CPU
		{F9BEC6B5-7A88-471C-84ED-233B6165A852}.Release|Any CPU.ActiveCfg = Release|Any CPU
		{F9BEC6B5-7A88-471C-84ED-233B6165A852}.Release|Any CPU.Build.0 = Release|Any CPU
		{F9BEC6B5-7A88-471C-84ED-233B6165A852}.Release|iPhone.ActiveCfg = Release|Any CPU
		{F9BEC6B5-7A88-471C-84ED-233B6165A852}.Release|iPhone.Build.0 = Release|Any CPU
		{F9BEC6B5-7A88-471C-84ED-233B6165A852}.Release|iPhoneSimulator.ActiveCfg = Release|Any CPU
		{F9BEC6B5-7A88-471C-84ED-233B6165A852}.Release|iPhoneSimulator.Build.0 = Release|Any CPU
		{FF139494-DBAA-44A0-9F90-58C319C8591E}.Debug|Any CPU.ActiveCfg = Debug|Any CPU
		{FF139494-DBAA-44A0-9F90-58C319C8591E}.Debug|Any CPU.Build.0 = Debug|Any CPU
		{FF139494-DBAA-44A0-9F90-58C319C8591E}.Debug|iPhone.ActiveCfg = Debug|Any CPU
		{FF139494-DBAA-44A0-9F90-58C319C8591E}.Debug|iPhone.Build.0 = Debug|Any CPU
		{FF139494-DBAA-44A0-9F90-58C319C8591E}.Debug|iPhoneSimulator.ActiveCfg = Debug|Any CPU
		{FF139494-DBAA-44A0-9F90-58C319C8591E}.Debug|iPhoneSimulator.Build.0 = Debug|Any CPU
		{FF139494-DBAA-44A0-9F90-58C319C8591E}.Release|Any CPU.ActiveCfg = Release|Any CPU
		{FF139494-DBAA-44A0-9F90-58C319C8591E}.Release|Any CPU.Build.0 = Release|Any CPU
		{FF139494-DBAA-44A0-9F90-58C319C8591E}.Release|iPhone.ActiveCfg = Release|Any CPU
		{FF139494-DBAA-44A0-9F90-58C319C8591E}.Release|iPhone.Build.0 = Release|Any CPU
		{FF139494-DBAA-44A0-9F90-58C319C8591E}.Release|iPhoneSimulator.ActiveCfg = Release|Any CPU
		{FF139494-DBAA-44A0-9F90-58C319C8591E}.Release|iPhoneSimulator.Build.0 = Release|Any CPU
	EndGlobalSection
EndGlobal
